
Microsoft Visual Studio Solution File, Format Version 12.00
# Visual Studio Version 17
VisualStudioVersion = 17.7.34031.279
MinimumVisualStudioVersion = 10.0.40219.1
Project("{2150E333-8FDC-42A3-9474-1A3956D46DE8}") = "samples", "samples", "{1BA9DB0A-8961-4AA1-BB81-F8C2820FCB52}"
EndProject
Project("{9A19103F-16F7-4668-BE54-9A1E7A4F7556}") = "Krosoft.Extensions.Testing", "src\Krosoft.Extensions.Testing\Krosoft.Extensions.Testing.csproj", "{BFDB02D3-C59E-4EEF-B4D0-E1B29C95420E}"
EndProject
Project("{2150E333-8FDC-42A3-9474-1A3956D46DE8}") = "tests", "tests", "{BFBCA122-F9F1-4A26-BD18-DFBA1A0E69D5}"
EndProject
Project("{9A19103F-16F7-4668-BE54-9A1E7A4F7556}") = "Krosoft.Extensions.Testing.Tests", "tests\Krosoft.Extensions.Testing.Tests\Krosoft.Extensions.Testing.Tests.csproj", "{BE6AF83E-BCF2-4EEB-A409-9F2E94F88780}"
EndProject
Project("{2150E333-8FDC-42A3-9474-1A3956D46DE8}") = "src", "src", "{432B78A6-1350-46F5-9F89-2741C9B83BE7}"
EndProject
Project("{9A19103F-16F7-4668-BE54-9A1E7A4F7556}") = "Krosoft.Extensions.Testing.WebApi", "src\Krosoft.Extensions.Testing.WebApi\Krosoft.Extensions.Testing.WebApi.csproj", "{2B9968C9-D657-4A44-8170-1283C69461D5}"
EndProject
Project("{9A19103F-16F7-4668-BE54-9A1E7A4F7556}") = "Krosoft.Extensions.Testing.Cqrs", "src\Krosoft.Extensions.Testing.Cqrs\Krosoft.Extensions.Testing.Cqrs.csproj", "{D3025DD4-7AA0-435D-B59C-2F7E582EEDC3}"
EndProject
Project("{9A19103F-16F7-4668-BE54-9A1E7A4F7556}") = "Krosoft.Extensions.Testing.Data.EntityFramework", "src\Krosoft.Extensions.Testing.Data.EntityFramework\Krosoft.Extensions.Testing.Data.EntityFramework.csproj", "{722D9823-4EBE-4F01-938C-1845B2390D11}"
EndProject
Project("{FAE04EC0-301F-11D3-BF4B-00C04F79EFBC}") = "Krosoft.Extensions.Samples.Library", "samples\Krosoft.Extensions.Samples.Library\Krosoft.Extensions.Samples.Library.csproj", "{B83CD851-7EAB-8C00-DFE5-F66496C2CF4D}"
EndProject
Global
	GlobalSection(SolutionConfigurationPlatforms) = preSolution
		Debug|Any CPU = Debug|Any CPU
		Debug|ARM = Debug|ARM
		Debug|x64 = Debug|x64
		Debug|x86 = Debug|x86
		Release|Any CPU = Release|Any CPU
		Release|ARM = Release|ARM
		Release|x64 = Release|x64
		Release|x86 = Release|x86
	EndGlobalSection
	GlobalSection(ProjectConfigurationPlatforms) = postSolution
		{BFDB02D3-C59E-4EEF-B4D0-E1B29C95420E}.Debug|Any CPU.ActiveCfg = Debug|Any CPU
		{BFDB02D3-C59E-4EEF-B4D0-E1B29C95420E}.Debug|Any CPU.Build.0 = Debug|Any CPU
		{BFDB02D3-C59E-4EEF-B4D0-E1B29C95420E}.Debug|ARM.ActiveCfg = Debug|Any CPU
		{BFDB02D3-C59E-4EEF-B4D0-E1B29C95420E}.Debug|ARM.Build.0 = Debug|Any CPU
		{BFDB02D3-C59E-4EEF-B4D0-E1B29C95420E}.Debug|x64.ActiveCfg = Debug|Any CPU
		{BFDB02D3-C59E-4EEF-B4D0-E1B29C95420E}.Debug|x64.Build.0 = Debug|Any CPU
		{BFDB02D3-C59E-4EEF-B4D0-E1B29C95420E}.Debug|x86.ActiveCfg = Debug|Any CPU
		{BFDB02D3-C59E-4EEF-B4D0-E1B29C95420E}.Debug|x86.Build.0 = Debug|Any CPU
		{BFDB02D3-C59E-4EEF-B4D0-E1B29C95420E}.Release|Any CPU.ActiveCfg = Release|Any CPU
		{BFDB02D3-C59E-4EEF-B4D0-E1B29C95420E}.Release|Any CPU.Build.0 = Release|Any CPU
		{BFDB02D3-C59E-4EEF-B4D0-E1B29C95420E}.Release|ARM.ActiveCfg = Release|Any CPU
		{BFDB02D3-C59E-4EEF-B4D0-E1B29C95420E}.Release|ARM.Build.0 = Release|Any CPU
		{BFDB02D3-C59E-4EEF-B4D0-E1B29C95420E}.Release|x64.ActiveCfg = Release|Any CPU
		{BFDB02D3-C59E-4EEF-B4D0-E1B29C95420E}.Release|x64.Build.0 = Release|Any CPU
		{BFDB02D3-C59E-4EEF-B4D0-E1B29C95420E}.Release|x86.ActiveCfg = Release|Any CPU
		{BFDB02D3-C59E-4EEF-B4D0-E1B29C95420E}.Release|x86.Build.0 = Release|Any CPU
		{BE6AF83E-BCF2-4EEB-A409-9F2E94F88780}.Debug|Any CPU.ActiveCfg = Debug|Any CPU
		{BE6AF83E-BCF2-4EEB-A409-9F2E94F88780}.Debug|Any CPU.Build.0 = Debug|Any CPU
		{BE6AF83E-BCF2-4EEB-A409-9F2E94F88780}.Debug|ARM.ActiveCfg = Debug|Any CPU
		{BE6AF83E-BCF2-4EEB-A409-9F2E94F88780}.Debug|ARM.Build.0 = Debug|Any CPU
		{BE6AF83E-BCF2-4EEB-A409-9F2E94F88780}.Debug|x64.ActiveCfg = Debug|Any CPU
		{BE6AF83E-BCF2-4EEB-A409-9F2E94F88780}.Debug|x64.Build.0 = Debug|Any CPU
		{BE6AF83E-BCF2-4EEB-A409-9F2E94F88780}.Debug|x86.ActiveCfg = Debug|Any CPU
		{BE6AF83E-BCF2-4EEB-A409-9F2E94F88780}.Debug|x86.Build.0 = Debug|Any CPU
		{BE6AF83E-BCF2-4EEB-A409-9F2E94F88780}.Release|Any CPU.ActiveCfg = Release|Any CPU
		{BE6AF83E-BCF2-4EEB-A409-9F2E94F88780}.Release|Any CPU.Build.0 = Release|Any CPU
		{BE6AF83E-BCF2-4EEB-A409-9F2E94F88780}.Release|ARM.ActiveCfg = Release|Any CPU
		{BE6AF83E-BCF2-4EEB-A409-9F2E94F88780}.Release|ARM.Build.0 = Release|Any CPU
		{BE6AF83E-BCF2-4EEB-A409-9F2E94F88780}.Release|x64.ActiveCfg = Release|Any CPU
		{BE6AF83E-BCF2-4EEB-A409-9F2E94F88780}.Release|x64.Build.0 = Release|Any CPU
		{BE6AF83E-BCF2-4EEB-A409-9F2E94F88780}.Release|x86.ActiveCfg = Release|Any CPU
		{BE6AF83E-BCF2-4EEB-A409-9F2E94F88780}.Release|x86.Build.0 = Release|Any CPU
		{2B9968C9-D657-4A44-8170-1283C69461D5}.Debug|Any CPU.ActiveCfg = Debug|Any CPU
		{2B9968C9-D657-4A44-8170-1283C69461D5}.Debug|Any CPU.Build.0 = Debug|Any CPU
		{2B9968C9-D657-4A44-8170-1283C69461D5}.Debug|ARM.ActiveCfg = Debug|Any CPU
		{2B9968C9-D657-4A44-8170-1283C69461D5}.Debug|ARM.Build.0 = Debug|Any CPU
		{2B9968C9-D657-4A44-8170-1283C69461D5}.Debug|x64.ActiveCfg = Debug|Any CPU
		{2B9968C9-D657-4A44-8170-1283C69461D5}.Debug|x64.Build.0 = Debug|Any CPU
		{2B9968C9-D657-4A44-8170-1283C69461D5}.Debug|x86.ActiveCfg = Debug|Any CPU
		{2B9968C9-D657-4A44-8170-1283C69461D5}.Debug|x86.Build.0 = Debug|Any CPU
		{2B9968C9-D657-4A44-8170-1283C69461D5}.Release|Any CPU.ActiveCfg = Release|Any CPU
		{2B9968C9-D657-4A44-8170-1283C69461D5}.Release|Any CPU.Build.0 = Release|Any CPU
		{2B9968C9-D657-4A44-8170-1283C69461D5}.Release|ARM.ActiveCfg = Release|Any CPU
		{2B9968C9-D657-4A44-8170-1283C69461D5}.Release|ARM.Build.0 = Release|Any CPU
		{2B9968C9-D657-4A44-8170-1283C69461D5}.Release|x64.ActiveCfg = Release|Any CPU
		{2B9968C9-D657-4A44-8170-1283C69461D5}.Release|x64.Build.0 = Release|Any CPU
		{2B9968C9-D657-4A44-8170-1283C69461D5}.Release|x86.ActiveCfg = Release|Any CPU
		{2B9968C9-D657-4A44-8170-1283C69461D5}.Release|x86.Build.0 = Release|Any CPU
		{D3025DD4-7AA0-435D-B59C-2F7E582EEDC3}.Debug|Any CPU.ActiveCfg = Debug|Any CPU
		{D3025DD4-7AA0-435D-B59C-2F7E582EEDC3}.Debug|Any CPU.Build.0 = Debug|Any CPU
		{D3025DD4-7AA0-435D-B59C-2F7E582EEDC3}.Debug|ARM.ActiveCfg = Debug|Any CPU
		{D3025DD4-7AA0-435D-B59C-2F7E582EEDC3}.Debug|ARM.Build.0 = Debug|Any CPU
		{D3025DD4-7AA0-435D-B59C-2F7E582EEDC3}.Debug|x64.ActiveCfg = Debug|Any CPU
		{D3025DD4-7AA0-435D-B59C-2F7E582EEDC3}.Debug|x64.Build.0 = Debug|Any CPU
		{D3025DD4-7AA0-435D-B59C-2F7E582EEDC3}.Debug|x86.ActiveCfg = Debug|Any CPU
		{D3025DD4-7AA0-435D-B59C-2F7E582EEDC3}.Debug|x86.Build.0 = Debug|Any CPU
		{D3025DD4-7AA0-435D-B59C-2F7E582EEDC3}.Release|Any CPU.ActiveCfg = Release|Any CPU
		{D3025DD4-7AA0-435D-B59C-2F7E582EEDC3}.Release|Any CPU.Build.0 = Release|Any CPU
		{D3025DD4-7AA0-435D-B59C-2F7E582EEDC3}.Release|ARM.ActiveCfg = Release|Any CPU
		{D3025DD4-7AA0-435D-B59C-2F7E582EEDC3}.Release|ARM.Build.0 = Release|Any CPU
		{D3025DD4-7AA0-435D-B59C-2F7E582EEDC3}.Release|x64.ActiveCfg = Release|Any CPU
		{D3025DD4-7AA0-435D-B59C-2F7E582EEDC3}.Release|x64.Build.0 = Release|Any CPU
		{D3025DD4-7AA0-435D-B59C-2F7E582EEDC3}.Release|x86.ActiveCfg = Release|Any CPU
		{D3025DD4-7AA0-435D-B59C-2F7E582EEDC3}.Release|x86.Build.0 = Release|Any CPU
		{722D9823-4EBE-4F01-938C-1845B2390D11}.Debug|Any CPU.ActiveCfg = Debug|Any CPU
		{722D9823-4EBE-4F01-938C-1845B2390D11}.Debug|Any CPU.Build.0 = Debug|Any CPU
		{722D9823-4EBE-4F01-938C-1845B2390D11}.Debug|ARM.ActiveCfg = Debug|Any CPU
		{722D9823-4EBE-4F01-938C-1845B2390D11}.Debug|ARM.Build.0 = Debug|Any CPU
		{722D9823-4EBE-4F01-938C-1845B2390D11}.Debug|x64.ActiveCfg = Debug|Any CPU
		{722D9823-4EBE-4F01-938C-1845B2390D11}.Debug|x64.Build.0 = Debug|Any CPU
		{722D9823-4EBE-4F01-938C-1845B2390D11}.Debug|x86.ActiveCfg = Debug|Any CPU
		{722D9823-4EBE-4F01-938C-1845B2390D11}.Debug|x86.Build.0 = Debug|Any CPU
		{722D9823-4EBE-4F01-938C-1845B2390D11}.Release|Any CPU.ActiveCfg = Release|Any CPU
		{722D9823-4EBE-4F01-938C-1845B2390D11}.Release|Any CPU.Build.0 = Release|Any CPU
		{722D9823-4EBE-4F01-938C-1845B2390D11}.Release|ARM.ActiveCfg = Release|Any CPU
		{722D9823-4EBE-4F01-938C-1845B2390D11}.Release|ARM.Build.0 = Release|Any CPU
		{722D9823-4EBE-4F01-938C-1845B2390D11}.Release|x64.ActiveCfg = Release|Any CPU
		{722D9823-4EBE-4F01-938C-1845B2390D11}.Release|x64.Build.0 = Release|Any CPU
		{722D9823-4EBE-4F01-938C-1845B2390D11}.Release|x86.ActiveCfg = Release|Any CPU
		{722D9823-4EBE-4F01-938C-1845B2390D11}.Release|x86.Build.0 = Release|Any CPU
		{B83CD851-7EAB-8C00-DFE5-F66496C2CF4D}.Debug|Any CPU.ActiveCfg = Debug|Any CPU
		{B83CD851-7EAB-8C00-DFE5-F66496C2CF4D}.Debug|Any CPU.Build.0 = Debug|Any CPU
		{B83CD851-7EAB-8C00-DFE5-F66496C2CF4D}.Debug|ARM.ActiveCfg = Debug|Any CPU
		{B83CD851-7EAB-8C00-DFE5-F66496C2CF4D}.Debug|ARM.Build.0 = Debug|Any CPU
		{B83CD851-7EAB-8C00-DFE5-F66496C2CF4D}.Debug|x64.ActiveCfg = Debug|Any CPU
		{B83CD851-7EAB-8C00-DFE5-F66496C2CF4D}.Debug|x64.Build.0 = Debug|Any CPU
		{B83CD851-7EAB-8C00-DFE5-F66496C2CF4D}.Debug|x86.ActiveCfg = Debug|Any CPU
		{B83CD851-7EAB-8C00-DFE5-F66496C2CF4D}.Debug|x86.Build.0 = Debug|Any CPU
		{B83CD851-7EAB-8C00-DFE5-F66496C2CF4D}.Release|Any CPU.ActiveCfg = Release|Any CPU
		{B83CD851-7EAB-8C00-DFE5-F66496C2CF4D}.Release|Any CPU.Build.0 = Release|Any CPU
		{B83CD851-7EAB-8C00-DFE5-F66496C2CF4D}.Release|ARM.ActiveCfg = Release|Any CPU
		{B83CD851-7EAB-8C00-DFE5-F66496C2CF4D}.Release|ARM.Build.0 = Release|Any CPU
		{B83CD851-7EAB-8C00-DFE5-F66496C2CF4D}.Release|x64.ActiveCfg = Release|Any CPU
		{B83CD851-7EAB-8C00-DFE5-F66496C2CF4D}.Release|x64.Build.0 = Release|Any CPU
		{B83CD851-7EAB-8C00-DFE5-F66496C2CF4D}.Release|x86.ActiveCfg = Release|Any CPU
		{B83CD851-7EAB-8C00-DFE5-F66496C2CF4D}.Release|x86.Build.0 = Release|Any CPU
	EndGlobalSection
	GlobalSection(SolutionProperties) = preSolution
		HideSolutionNode = FALSE
	EndGlobalSection
	GlobalSection(NestedProjects) = preSolution
		{BFDB02D3-C59E-4EEF-B4D0-E1B29C95420E} = {432B78A6-1350-46F5-9F89-2741C9B83BE7}
		{BE6AF83E-BCF2-4EEB-A409-9F2E94F88780} = {BFBCA122-F9F1-4A26-BD18-DFBA1A0E69D5}
		{2B9968C9-D657-4A44-8170-1283C69461D5} = {432B78A6-1350-46F5-9F89-2741C9B83BE7}
		{D3025DD4-7AA0-435D-B59C-2F7E582EEDC3} = {432B78A6-1350-46F5-9F89-2741C9B83BE7}
		{722D9823-4EBE-4F01-938C-1845B2390D11} = {432B78A6-1350-46F5-9F89-2741C9B83BE7}
		{B83CD851-7EAB-8C00-DFE5-F66496C2CF4D} = {1BA9DB0A-8961-4AA1-BB81-F8C2820FCB52}
	EndGlobalSection
	GlobalSection(ExtensibilityGlobals) = postSolution
		SolutionGuid = {7FD07ECB-B4B5-4D65-8E03-10F0C97C77A9}
	EndGlobalSection
EndGlobal
